// !$*UTF8*$!
{
	archiveVersion = 1;
	classes = {
	};
	objectVersion = 50;
	objects = {

/* Begin PBXBuildFile section */
		DC88B74825DE08B200D688CB /* AppDelegate.swift in Sources */ = {isa = PBXBuildFile; fileRef = DC88B74725DE08B200D688CB /* AppDelegate.swift */; };
		DC88B74A25DE08B200D688CB /* SceneDelegate.swift in Sources */ = {isa = PBXBuildFile; fileRef = DC88B74925DE08B200D688CB /* SceneDelegate.swift */; };
		DC88B74C25DE08B200D688CB /* CollapseNoteViewController.swift in Sources */ = {isa = PBXBuildFile; fileRef = DC88B74B25DE08B200D688CB /* CollapseNoteViewController.swift */; };
		DC88B74F25DE08B200D688CB /* Main.storyboard in Resources */ = {isa = PBXBuildFile; fileRef = DC88B74D25DE08B200D688CB /* Main.storyboard */; };
		DC88B75125DE08B500D688CB /* Assets.xcassets in Resources */ = {isa = PBXBuildFile; fileRef = DC88B75025DE08B500D688CB /* Assets.xcassets */; };
		DC88B75425DE08B500D688CB /* LaunchScreen.storyboard in Resources */ = {isa = PBXBuildFile; fileRef = DC88B75225DE08B500D688CB /* LaunchScreen.storyboard */; };
		DC88B76F25DE157300D688CB /* Constants.swift in Sources */ = {isa = PBXBuildFile; fileRef = DC88B76E25DE157300D688CB /* Constants.swift */; };
		DC88B77825DED60800D688CB /* NoteTableViewCell.swift in Sources */ = {isa = PBXBuildFile; fileRef = DC88B77625DED60800D688CB /* NoteTableViewCell.swift */; };
		DC88B77925DED60800D688CB /* NoteTableViewCell.xib in Resources */ = {isa = PBXBuildFile; fileRef = DC88B77725DED60800D688CB /* NoteTableViewCell.xib */; };
/* End PBXBuildFile section */

/* Begin PBXFileReference section */
		DC88B74425DE08B200D688CB /* CollapseANote.app */ = {isa = PBXFileReference; explicitFileType = wrapper.application; includeInIndex = 0; path = CollapseANote.app; sourceTree = BUILT_PRODUCTS_DIR; };
		DC88B74725DE08B200D688CB /* AppDelegate.swift */ = {isa = PBXFileReference; lastKnownFileType = sourcecode.swift; path = AppDelegate.swift; sourceTree = "<group>"; };
		DC88B74925DE08B200D688CB /* SceneDelegate.swift */ = {isa = PBXFileReference; lastKnownFileType = sourcecode.swift; path = SceneDelegate.swift; sourceTree = "<group>"; };
		DC88B74B25DE08B200D688CB /* CollapseNoteViewController.swift */ = {isa = PBXFileReference; lastKnownFileType = sourcecode.swift; path = CollapseNoteViewController.swift; sourceTree = "<group>"; };
		DC88B74E25DE08B200D688CB /* Base */ = {isa = PBXFileReference; lastKnownFileType = file.storyboard; name = Base; path = Base.lproj/Main.storyboard; sourceTree = "<group>"; };
		DC88B75025DE08B500D688CB /* Assets.xcassets */ = {isa = PBXFileReference; lastKnownFileType = folder.assetcatalog; path = Assets.xcassets; sourceTree = "<group>"; };
		DC88B75325DE08B500D688CB /* Base */ = {isa = PBXFileReference; lastKnownFileType = file.storyboard; name = Base; path = Base.lproj/LaunchScreen.storyboard; sourceTree = "<group>"; };
		DC88B75525DE08B500D688CB /* Info.plist */ = {isa = PBXFileReference; lastKnownFileType = text.plist.xml; path = Info.plist; sourceTree = "<group>"; };
		DC88B76E25DE157300D688CB /* Constants.swift */ = {isa = PBXFileReference; lastKnownFileType = sourcecode.swift; path = Constants.swift; sourceTree = "<group>"; };
		DC88B77625DED60800D688CB /* NoteTableViewCell.swift */ = {isa = PBXFileReference; lastKnownFileType = sourcecode.swift; path = NoteTableViewCell.swift; sourceTree = "<group>"; };
		DC88B77725DED60800D688CB /* NoteTableViewCell.xib */ = {isa = PBXFileReference; lastKnownFileType = file.xib; path = NoteTableViewCell.xib; sourceTree = "<group>"; };
/* End PBXFileReference section */

/* Begin PBXFrameworksBuildPhase section */
		DC88B74125DE08B200D688CB /* Frameworks */ = {
			isa = PBXFrameworksBuildPhase;
			buildActionMask = 2147483647;
			files = (
			);
			runOnlyForDeploymentPostprocessing = 0;
		};
/* End PBXFrameworksBuildPhase section */

/* Begin PBXGroup section */
		DC88B73B25DE08B200D688CB = {
			isa = PBXGroup;
			children = (
				DC88B74625DE08B200D688CB /* CollapseANote */,
				DC88B74525DE08B200D688CB /* Products */,
			);
			sourceTree = "<group>";
		};
		DC88B74525DE08B200D688CB /* Products */ = {
			isa = PBXGroup;
			children = (
				DC88B74425DE08B200D688CB /* CollapseANote.app */,
			);
			name = Products;
			sourceTree = "<group>";
		};
		DC88B74625DE08B200D688CB /* CollapseANote */ = {
			isa = PBXGroup;
			children = (
				DC88B76225DE0BB200D688CB /* Controller */,
				DC88B76125DE0BAB00D688CB /* View */,
				DC88B76025DE0BA100D688CB /* Model */,
				DC88B74725DE08B200D688CB /* AppDelegate.swift */,
				DC88B74925DE08B200D688CB /* SceneDelegate.swift */,
				DC88B75025DE08B500D688CB /* Assets.xcassets */,
				DC88B75225DE08B500D688CB /* LaunchScreen.storyboard */,
				DC88B75525DE08B500D688CB /* Info.plist */,
				DC88B76E25DE157300D688CB /* Constants.swift */,
			);
			path = CollapseANote;
			sourceTree = "<group>";
		};
		DC88B76025DE0BA100D688CB /* Model */ = {
			isa = PBXGroup;
			children = (
				DC88B77625DED60800D688CB /* NoteTableViewCell.swift */,
				DC88B77725DED60800D688CB /* NoteTableViewCell.xib */,
			);
			path = Model;
			sourceTree = "<group>";
		};
		DC88B76125DE0BAB00D688CB /* View */ = {
			isa = PBXGroup;
			children = (
				DC88B74D25DE08B200D688CB /* Main.storyboard */,
			);
			path = View;
			sourceTree = "<group>";
		};
		DC88B76225DE0BB200D688CB /* Controller */ = {
			isa = PBXGroup;
			children = (
				DC88B74B25DE08B200D688CB /* CollapseNoteViewController.swift */,
			);
			path = Controller;
			sourceTree = "<group>";
		};
/* End PBXGroup section */

/* Begin PBXNativeTarget section */
		DC88B74325DE08B200D688CB /* CollapseANote */ = {
			isa = PBXNativeTarget;
			buildConfigurationList = DC88B75825DE08B500D688CB /* Build configuration list for PBXNativeTarget "CollapseANote" */;
			buildPhases = (
				DC88B74025DE08B200D688CB /* Sources */,
				DC88B74125DE08B200D688CB /* Frameworks */,
				DC88B74225DE08B200D688CB /* Resources */,
			);
			buildRules = (
			);
			dependencies = (
			);
			name = CollapseANote;
			productName = CollapseANote;
			productReference = DC88B74425DE08B200D688CB /* CollapseANote.app */;
			productType = "com.apple.product-type.application";
		};
/* End PBXNativeTarget section */

/* Begin PBXProject section */
		DC88B73C25DE08B200D688CB /* Project object */ = {
			isa = PBXProject;
			attributes = {
				LastSwiftUpdateCheck = 1220;
				LastUpgradeCheck = 1220;
				TargetAttributes = {
					DC88B74325DE08B200D688CB = {
						CreatedOnToolsVersion = 12.2;
					};
				};
			};
			buildConfigurationList = DC88B73F25DE08B200D688CB /* Build configuration list for PBXProject "CollapseANote" */;
			compatibilityVersion = "Xcode 9.3";
			developmentRegion = en;
			hasScannedForEncodings = 0;
			knownRegions = (
				en,
				Base,
			);
			mainGroup = DC88B73B25DE08B200D688CB;
			productRefGroup = DC88B74525DE08B200D688CB /* Products */;
			projectDirPath = "";
			projectRoot = "";
			targets = (
				DC88B74325DE08B200D688CB /* CollapseANote */,
			);
		};
/* End PBXProject section */

/* Begin PBXResourcesBuildPhase section */
		DC88B74225DE08B200D688CB /* Resources */ = {
			isa = PBXResourcesBuildPhase;
			buildActionMask = 2147483647;
			files = (
				DC88B75425DE08B500D688CB /* LaunchScreen.storyboard in Resources */,
				DC88B75125DE08B500D688CB /* Assets.xcassets in Resources */,
				DC88B74F25DE08B200D688CB /* Main.storyboard in Resources */,
				DC88B77925DED60800D688CB /* NoteTableViewCell.xib in Resources */,
			);
			runOnlyForDeploymentPostprocessing = 0;
		};
/* End PBXResourcesBuildPhase section */

/* Begin PBXSourcesBuildPhase section */
		DC88B74025DE08B200D688CB /* Sources */ = {
			isa = PBXSourcesBuildPhase;
			buildActionMask = 2147483647;
			files = (
				DC88B76F25DE157300D688CB /* Constants.swift in Sources */,
				DC88B74C25DE08B200D688CB /* CollapseNoteViewController.swift in Sources */,
				DC88B74825DE08B200D688CB /* AppDelegate.swift in Sources */,
				DC88B77825DED60800D688CB /* NoteTableViewCell.swift in Sources */,
				DC88B74A25DE08B200D688CB /* SceneDelegate.swift in Sources */,
			);
			runOnlyForDeploymentPostprocessing = 0;
		};
/* End PBXSourcesBuildPhase section */

/* Begin PBXVariantGroup section */
		DC88B74D25DE08B200D688CB /* Main.storyboard */ = {
			isa = PBXVariantGroup;
			children = (
				DC88B74E25DE08B200D688CB /* Base */,
			);
			name = Main.storyboard;
			sourceTree = "<group>";
		};
		DC88B75225DE08B500D688CB /* LaunchScreen.storyboard */ = {
			isa = PBXVariantGroup;
			children = (
				DC88B75325DE08B500D688CB /* Base */,
			);
			name = LaunchScreen.storyboard;
			sourceTree = "<group>";
		};
/* End PBXVariantGroup section */

/* Begin XCBuildConfiguration section */
		DC88B75625DE08B500D688CB /* Debug */ = {
			isa = XCBuildConfiguration;
			buildSettings = {
				ALWAYS_SEARCH_USER_PATHS = NO;
				CLANG_ANALYZER_NONNULL = YES;
				CLANG_ANALYZER_NUMBER_OBJECT_CONVERSION = YES_AGGRESSIVE;
				CLANG_CXX_LANGUAGE_STANDARD = "gnu++14";
				CLANG_CXX_LIBRARY = "libc++";
				CLANG_ENABLE_MODULES = YES;
				CLANG_ENABLE_OBJC_ARC = YES;
				CLANG_ENABLE_OBJC_WEAK = YES;
				CLANG_WARN_BLOCK_CAPTURE_AUTORELEASING = YES;
				CLANG_WARN_BOOL_CONVERSION = YES;
				CLANG_WARN_COMMA = YES;
				CLANG_WARN_CONSTANT_CONVERSION = YES;
				CLANG_WARN_DEPRECATED_OBJC_IMPLEMENTATIONS = YES;
				CLANG_WARN_DIRECT_OBJC_ISA_USAGE = YES_ERROR;
				CLANG_WARN_DOCUMENTATION_COMMENTS = YES;
				CLANG_WARN_EMPTY_BODY = YES;
				CLANG_WARN_ENUM_CONVERSION = YES;
				CLANG_WARN_INFINITE_RECURSION = YES;
				CLANG_WARN_INT_CONVERSION = YES;
				CLANG_WARN_NON_LITERAL_NULL_CONVERSION = YES;
				CLANG_WARN_OBJC_IMPLICIT_RETAIN_SELF = YES;
				CLANG_WARN_OBJC_LITERAL_CONVERSION = YES;
				CLANG_WARN_OBJC_ROOT_CLASS = YES_ERROR;
				CLANG_WARN_QUOTED_INCLUDE_IN_FRAMEWORK_HEADER = YES;
				CLANG_WARN_RANGE_LOOP_ANALYSIS = YES;
				CLANG_WARN_STRICT_PROTOTYPES = YES;
				CLANG_WARN_SUSPICIOUS_MOVE = YES;
				CLANG_WARN_UNGUARDED_AVAILABILITY = YES_AGGRESSIVE;
				CLANG_WARN_UNREACHABLE_CODE = YES;
				CLANG_WARN__DUPLICATE_METHOD_MATCH = YES;
				COPY_PHASE_STRIP = NO;
				DEBUG_INFORMATION_FORMAT = dwarf;
				ENABLE_STRICT_OBJC_MSGSEND = YES;
				ENABLE_TESTABILITY = YES;
				GCC_C_LANGUAGE_STANDARD = gnu11;
				GCC_DYNAMIC_NO_PIC = NO;
				GCC_NO_COMMON_BLOCKS = YES;
				GCC_OPTIMIZATION_LEVEL = 0;
				GCC_PREPROCESSOR_DEFINITIONS = (
					"DEBUG=1",
					"$(inherited)",
				);
				GCC_WARN_64_TO_32_BIT_CONVERSION = YES;
				GCC_WARN_ABOUT_RETURN_TYPE = YES_ERROR;
				GCC_WARN_UNDECLARED_SELECTOR = YES;
				GCC_WARN_UNINITIALIZED_AUTOS = YES_AGGRESSIVE;
				GCC_WARN_UNUSED_FUNCTION = YES;
				GCC_WARN_UNUSED_VARIABLE = YES;
				IPHONEOS_DEPLOYMENT_TARGET = 14.2;
				MTL_ENABLE_DEBUG_INFO = INCLUDE_SOURCE;
				MTL_FAST_MATH = YES;
				ONLY_ACTIVE_ARCH = YES;
				SDKROOT = iphoneos;
				SWIFT_ACTIVE_COMPILATION_CONDITIONS = DEBUG;
				SWIFT_OPTIMIZATION_LEVEL = "-Onone";
			};
			name = Debug;
		};
		DC88B75725DE08B500D688CB /* Release */ = {
			isa = XCBuildConfiguration;
			buildSettings = {
				ALWAYS_SEARCH_USER_PATHS = NO;
				CLANG_ANALYZER_NONNULL = YES;
				CLANG_ANALYZER_NUMBER_OBJECT_CONVERSION = YES_AGGRESSIVE;
				CLANG_CXX_LANGUAGE_STANDARD = "gnu++14";
				CLANG_CXX_LIBRARY = "libc++";
				CLANG_ENABLE_MODULES = YES;
				CLANG_ENABLE_OBJC_ARC = YES;
				CLANG_ENABLE_OBJC_WEAK = YES;
				CLANG_WARN_BLOCK_CAPTURE_AUTORELEASING = YES;
				CLANG_WARN_BOOL_CONVERSION = YES;
				CLANG_WARN_COMMA = YES;
				CLANG_WARN_CONSTANT_CONVERSION = YES;
				CLANG_WARN_DEPRECATED_OBJC_IMPLEMENTATIONS = YES;
				CLANG_WARN_DIRECT_OBJC_ISA_USAGE = YES_ERROR;
				CLANG_WARN_DOCUMENTATION_COMMENTS = YES;
				CLANG_WARN_EMPTY_BODY = YES;
				CLANG_WARN_ENUM_CONVERSION = YES;
				CLANG_WARN_INFINITE_RECURSION = YES;
				CLANG_WARN_INT_CONVERSION = YES;
				CLANG_WARN_NON_LITERAL_NULL_CONVERSION = YES;
				CLANG_WARN_OBJC_IMPLICIT_RETAIN_SELF = YES;
				CLANG_WARN_OBJC_LITERAL_CONVERSION = YES;
				CLANG_WARN_OBJC_ROOT_CLASS = YES_ERROR;
				CLANG_WARN_QUOTED_INCLUDE_IN_FRAMEWORK_HEADER = YES;
				CLANG_WARN_RANGE_LOOP_ANALYSIS = YES;
				CLANG_WARN_STRICT_PROTOTYPES = YES;
				CLANG_WARN_SUSPICIOUS_MOVE = YES;
				CLANG_WARN_UNGUARDED_AVAILABILITY = YES_AGGRESSIVE;
				CLANG_WARN_UNREACHABLE_CODE = YES;
				CLANG_WARN__DUPLICATE_METHOD_MATCH = YES;
				COPY_PHASE_STRIP = NO;
				DEBUG_INFORMATION_FORMAT = "dwarf-with-dsym";
				ENABLE_NS_ASSERTIONS = NO;
				ENABLE_STRICT_OBJC_MSGSEND = YES;
				GCC_C_LANGUAGE_STANDARD = gnu11;
				GCC_NO_COMMON_BLOCKS = YES;
				GCC_WARN_64_TO_32_BIT_CONVERSION = YES;
				GCC_WARN_ABOUT_RETURN_TYPE = YES_ERROR;
				GCC_WARN_UNDECLARED_SELECTOR = YES;
				GCC_WARN_UNINITIALIZED_AUTOS = YES_AGGRESSIVE;
				GCC_WARN_UNUSED_FUNCTION = YES;
				GCC_WARN_UNUSED_VARIABLE = YES;
				IPHONEOS_DEPLOYMENT_TARGET = 14.2;
				MTL_ENABLE_DEBUG_INFO = NO;
				MTL_FAST_MATH = YES;
				SDKROOT = iphoneos;
				SWIFT_COMPILATION_MODE = wholemodule;
				SWIFT_OPTIMIZATION_LEVEL = "-O";
				VALIDATE_PRODUCT = YES;
			};
			name = Release;
		};
		DC88B75925DE08B500D688CB /* Debug */ = {
			isa = XCBuildConfiguration;
			buildSettings = {
				ASSETCATALOG_COMPILER_APPICON_NAME = AppIcon;
				ASSETCATALOG_COMPILER_GLOBAL_ACCENT_COLOR_NAME = AccentColor;
				CODE_SIGN_STYLE = Automatic;
				DEVELOPMENT_TEAM = JK96UH9ASG;
				INFOPLIST_FILE = CollapseANote/Info.plist;
				LD_RUNPATH_SEARCH_PATHS = (
					"$(inherited)",
					"@executable_path/Frameworks",
				);
				PRODUCT_BUNDLE_IDENTIFIER = com.davidhouse.CollapseANote;
				PRODUCT_NAME = "$(TARGET_NAME)";
				SWIFT_VERSION = 5.0;
				TARGETED_DEVICE_FAMILY = "1,2";
			};
			name = Debug;
		};
		DC88B75A25DE08B500D688CB /* Release */ = {
			isa = XCBuildConfiguration;
			buildSettings = {
				ASSETCATALOG_COMPILER_APPICON_NAME = AppIcon;
				ASSETCATALOG_COMPILER_GLOBAL_ACCENT_COLOR_NAME = AccentColor;
				CODE_SIGN_STYLE = Automatic;
				DEVELOPMENT_TEAM = JK96UH9ASG;
				INFOPLIST_FILE = CollapseANote/Info.plist;
				LD_RUNPATH_SEARCH_PATHS = (
					"$(inherited)",
					"@executable_path/Frameworks",
				);
				PRODUCT_BUNDLE_IDENTIFIER = com.davidhouse.CollapseANote;
				PRODUCT_NAME = "$(TARGET_NAME)";
				SWIFT_VERSION = 5.0;
				TARGETED_DEVICE_FAMILY = "1,2";
			};
			name = Release;
		};
/* End XCBuildConfiguration section */

/* Begin XCConfigurationList section */
		DC88B73F25DE08B200D688CB /* Build configuration list for PBXProject "CollapseANote" */ = {
			isa = XCConfigurationList;
			buildConfigurations = (
				DC88B75625DE08B500D688CB /* Debug */,
				DC88B75725DE08B500D688CB /* Release */,
			);
			defaultConfigurationIsVisible = 0;
			defaultConfigurationName = Release;
		};
		DC88B75825DE08B500D688CB /* Build configuration list for PBXNativeTarget "CollapseANote" */ = {
			isa = XCConfigurationList;
			buildConfigurations = (
				DC88B75925DE08B500D688CB /* Debug */,
				DC88B75A25DE08B500D688CB /* Release */,
			);
			defaultConfigurationIsVisible = 0;
			defaultConfigurationName = Release;
		};
/* End XCConfigurationList section */
	};
	rootObject = DC88B73C25DE08B200D688CB /* Project object */;
}
